<?xml version="1.0" encoding="utf-8"?>
<Project ToolsVersion="4.0" xmlns="http://schemas.microsoft.com/developer/msbuild/2003">
  <ItemGroup>
    <Filter Include="Source Files">
      <UniqueIdentifier>{4FC737F1-C7A5-4376-A066-2A32D752A2FF}</UniqueIdentifier>
      <Extensions>cpp;c;cc;cxx;def;odl;idl;hpj;bat;asm;asmx</Extensions>
    </Filter>
    <Filter Include="Header Files">
      <UniqueIdentifier>{93995380-89BD-4b04-88EB-625FBE52EBFB}</UniqueIdentifier>
      <Extensions>h;hh;hpp;hxx;hm;inl;inc;xsd</Extensions>
    </Filter>
    <Filter Include="Resource Files">
      <UniqueIdentifier>{67DA6AB6-F800-4c08-8B7A-83BB121AAD01}</UniqueIdentifier>
      <Extensions>rc;ico;cur;bmp;dlg;rc2;rct;bin;rgs;gif;jpg;jpeg;jpe;resx;tiff;tif;png;wav;mfcribbon-ms</Extensions>
    </Filter>
  </ItemGroup>
  <ItemGroup>
    <ClCompile Include="..\..\ogl-OpenGL-tutorial_0015_33\ogl-OpenGL-tutorial_0015_33\common\controls.cpp">
      <Filter>Source Files</Filter>
    </ClCompile>
    <ClCompile Include="..\..\ogl-OpenGL-tutorial_0015_33\ogl-OpenGL-tutorial_0015_33\common\objloader.cpp">
      <Filter>Source Files</Filter>
    </ClCompile>
    <ClCompile Include="..\..\ogl-OpenGL-tutorial_0015_33\ogl-OpenGL-tutorial_0015_33\common\quaternion_utils.cpp">
      <Filter>Source Files</Filter>
    </ClCompile>
    <ClCompile Include="..\..\ogl-OpenGL-tutorial_0015_33\ogl-OpenGL-tutorial_0015_33\common\tangentspace.cpp">
      <Filter>Source Files</Filter>
    </ClCompile>
    <ClCompile Include="..\..\ogl-OpenGL-tutorial_0015_33\ogl-OpenGL-tutorial_0015_33\common\texture.cpp">
      <Filter>Source Files</Filter>
    </ClCompile>
    <ClCompile Include="..\..\ogl-OpenGL-tutorial_0015_33\ogl-OpenGL-tutorial_0015_33\common\vboindexer.cpp">
      <Filter>Source Files</Filter>
    </ClCompile>
    <ClCompile Include="myShader.cpp">
      <Filter>Source Files</Filter>
    </ClCompile>
    <ClCompile Include="shader.cpp">
      <Filter>Source Files</Filter>
    </ClCompile>
    <ClCompile Include="grid.cpp">
      <Filter>Source Files</Filter>
    </ClCompile>
    <ClCompile Include="cleanerMain.cpp">
      <Filter>Source Files</Filter>
    </ClCompile>
  </ItemGroup>
  <ItemGroup>
    <ClInclude Include="..\..\ogl-OpenGL-tutorial_0015_33\ogl-OpenGL-tutorial_0015_33\common\controls.hpp">
      <Filter>Header Files</Filter>
    </ClInclude>
    <ClInclude Include="..\..\ogl-OpenGL-tutorial_0015_33\ogl-OpenGL-tutorial_0015_33\common\objloader.hpp">
      <Filter>Header Files</Filter>
    </ClInclude>
    <ClInclude Include="..\..\ogl-OpenGL-tutorial_0015_33\ogl-OpenGL-tutorial_0015_33\common\quaternion_utils.hpp">
      <Filter>Header Files</Filter>
    </ClInclude>
    <ClInclude Include="..\..\ogl-OpenGL-tutorial_0015_33\ogl-OpenGL-tutorial_0015_33\common\tangentspace.hpp">
      <Filter>Header Files</Filter>
    </ClInclude>
    <ClInclude Include="..\..\ogl-OpenGL-tutorial_0015_33\ogl-OpenGL-tutorial_0015_33\common\texture.hpp">
      <Filter>Header Files</Filter>
    </ClInclude>
    <ClInclude Include="..\..\ogl-OpenGL-tutorial_0015_33\ogl-OpenGL-tutorial_0015_33\common\vboindexer.hpp">
      <Filter>Header Files</Filter>
    </ClInclude>
    <ClInclude Include="myShader.h">
      <Filter>Header Files</Filter>
    </ClInclude>
    <ClInclude Include="shader.hpp">
      <Filter>Header Files</Filter>
    </ClInclude>
    <ClInclude Include="grid.h">
      <Filter>Header Files</Filter>
    </ClInclude>
  </ItemGroup>
  <ItemGroup>
    <None Include="fragGiveColor.glsl" />
    <None Include="vertUsesTexture.glsl" />
    <None Include="fragUsesTexture.glsl" />
    <None Include="vertOnlyMoves.glsl" />
    <None Include="calcIntersection.frag" />
    <None Include="calcIntersection.vert" />
    <None Include="lightToWorld.frag" />
    <None Include="lightToWorld.vert" />
    <None Include="rasterizeWithPointSize.frag" />
    <None Include="rasterizeWithPointSize.vert" />
    <None Include="returnSeenPos.frag" />
    <None Include="returnSeenPos.vert" />
    <None Include="calcIntersection2.frag" />
    <None Include="calcIntersection2.vert" />
    <None Include="passThrough.geo" />
    <None Include="compareSurfaceAndGrid.frag" />
    <None Include="compareSurfaceAndGrid.vert" />
    <None Include="renderToTexture1.frag" />
    <None Include="calcIntersection.geo" />
    <None Include="passThrough2.geo" />
    <None Include="getPos.vert" />
    <None Include="fragGiveDepth.glsl" />
    <None Include="combine.frag" />
    <None Include="combine.vert" />
    <None Include="savePos.frag" />
    <None Include="savePos.vert" />
  </ItemGroup>
</Project>